
Microsoft Visual Studio Solution File, Format Version 12.00
# Visual Studio Version 17
VisualStudioVersion = 17.6.33829.357
MinimumVisualStudioVersion = 10.0.40219.1
Project("{FAE04EC0-301F-11D3-BF4B-00C04F79EFBC}") = "Teste01", "Teste01.csproj", "{1E411652-FC4E-4FF9-91BA-E066561AD06A}"
EndProject
Project("{FAE04EC0-301F-11D3-BF4B-00C04F79EFBC}") = "Teste02", "..\Teste02\Teste02.csproj", "{D4987660-7C6C-4001-B42E-055DB52EE8D1}"
EndProject
Project("{FAE04EC0-301F-11D3-BF4B-00C04F79EFBC}") = "Teste03", "..\Teste03\Teste03.csproj", "{987744F3-DEF7-4E02-94F3-7595EE8D9F2C}"
EndProject
Global
	GlobalSection(SolutionConfigurationPlatforms) = preSolution
		Debug|Any CPU = Debug|Any CPU
		Release|Any CPU = Release|Any CPU
	EndGlobalSection
	GlobalSection(ProjectConfigurationPlatforms) = postSolution
		{1E411652-FC4E-4FF9-91BA-E066561AD06A}.Debug|Any CPU.ActiveCfg = Debug|Any CPU
		{1E411652-FC4E-4FF9-91BA-E066561AD06A}.Debug|Any CPU.Build.0 = Debug|Any CPU
		{1E411652-FC4E-4FF9-91BA-E066561AD06A}.Release|Any CPU.ActiveCfg = Release|Any CPU
		{1E411652-FC4E-4FF9-91BA-E066561AD06A}.Release|Any CPU.Build.0 = Release|Any CPU
		{D4987660-7C6C-4001-B42E-055DB52EE8D1}.Debug|Any CPU.ActiveCfg = Debug|Any CPU
		{D4987660-7C6C-4001-B42E-055DB52EE8D1}.Debug|Any CPU.Build.0 = Debug|Any CPU
		{D4987660-7C6C-4001-B42E-055DB52EE8D1}.Release|Any CPU.ActiveCfg = Release|Any CPU
		{D4987660-7C6C-4001-B42E-055DB52EE8D1}.Release|Any CPU.Build.0 = Release|Any CPU
		{987744F3-DEF7-4E02-94F3-7595EE8D9F2C}.Debug|Any CPU.ActiveCfg = Debug|Any CPU
		{987744F3-DEF7-4E02-94F3-7595EE8D9F2C}.Debug|Any CPU.Build.0 = Debug|Any CPU
		{987744F3-DEF7-4E02-94F3-7595EE8D9F2C}.Release|Any CPU.ActiveCfg = Release|Any CPU
		{987744F3-DEF7-4E02-94F3-7595EE8D9F2C}.Release|Any CPU.Build.0 = Release|Any CPU
	EndGlobalSection
	GlobalSection(SolutionProperties) = preSolution
		HideSolutionNode = FALSE
	EndGlobalSection
	GlobalSection(ExtensibilityGlobals) = postSolution
		SolutionGuid = {D4746D39-5C6E-4A71-908B-B2BFBFA6451A}
	EndGlobalSection
EndGlobal
